{
  "name": "excel-mcp-bundle",
  "version": "1.0.0",
  "lockfileVersion": 3,
  "requires": true,
  "packages": {
    "": {
      "name": "excel-mcp-bundle",
      "version": "1.0.0",
      "license": "ISC",
      "dependencies": {
        "@negokaz/excel-mcp-server": "^0.12.0"
      },
      "devDependencies": {}
    },
    "node_modules/@negokaz/excel-mcp-server": {
      "version": "0.12.0",
      "resolved": "https://registry.npmjs.org/@negokaz/excel-mcp-server/-/excel-mcp-server-0.12.0.tgz",
      "integrity": "sha512-d42FfomnLrqT/Z6lCBWTCUxuMpWIp3dgvII6kLYZBRaZlOe4h/rMxFfe5Odkryoeo1H8HxJhdLnDhkINsNuDxw==",
      "license": "MIT",
      "bin": {
        "excel-mcp-server": "dist/launcher.js"
      }
    }
  }
}
